# THIS IS AN AUTOGENERATED FILE. DO NOT EDIT THIS FILE DIRECTLY.
# yarn lockfile v1


js-base64@^3.6.0:
  version "3.6.0"
  resolved "https://registry.yarnpkg.com/js-base64/-/js-base64-3.6.0.tgz#773e1de628f4f298d65a7e9842c50244751f5756"
  integrity sha512-wVdUBYQeY2gY73RIlPrysvpYx+2vheGo8Y1SNQv/BzHToWpAZzJU7Z6uheKMAe+GLSBig5/Ps2nxg/8tRB73xg==
